
Microsoft Visual Studio Solution File, Format Version 12.00
# Visual Studio 15
VisualStudioVersion = 15.0.26730.16
MinimumVisualStudioVersion = 10.0.40219.1
Project("{FAE04EC0-301F-11D3-BF4B-00C04F79EFBC}") = "com.ExtEndAppSolition.Events", "com.ExtEndAppSolition.Events\com.ExtEndAppSolition.Events.csproj", "{AE7D8BDE-A83C-41A2-A3E6-8F09CC5C5679}"
EndProject
Global
	GlobalSection(SolutionConfigurationPlatforms) = preSolution
		Debug|Any CPU = Debug|Any CPU
		Release|Any CPU = Release|Any CPU
	EndGlobalSection
	GlobalSection(ProjectConfigurationPlatforms) = postSolution
		{AE7D8BDE-A83C-41A2-A3E6-8F09CC5C5679}.Debug|Any CPU.ActiveCfg = Debug|Any CPU
		{AE7D8BDE-A83C-41A2-A3E6-8F09CC5C5679}.Debug|Any CPU.Build.0 = Debug|Any CPU
		{AE7D8BDE-A83C-41A2-A3E6-8F09CC5C5679}.Release|Any CPU.ActiveCfg = Release|Any CPU
		{AE7D8BDE-A83C-41A2-A3E6-8F09CC5C5679}.Release|Any CPU.Build.0 = Release|Any CPU
	EndGlobalSection
	GlobalSection(SolutionProperties) = preSolution
		HideSolutionNode = FALSE
	EndGlobalSection
	GlobalSection(ExtensibilityGlobals) = postSolution
		SolutionGuid = {77D7234F-52EE-4A0F-ABE2-E5E4DABF75FA}
	EndGlobalSection
EndGlobal
